Microsoft Visual Studio Solution File, Format Version 12.00
# Visual Studio Version 17
VisualStudioVersion = 17.2.32630.192
MinimumVisualStudioVersion = 10.0.40219.1
Project("{9A19103F-16F7-4668-BE54-9A1E7A4F7556}") = "KSU.CIS300.Checkers", "KSU.CIS300.Checkers\KSU.CIS300.Checkers.csproj", "{B200F157-A363-4F29-BCF5-27783400D0FF}"
EndProject
Project("{9A19103F-16F7-4668-BE54-9A1E7A4F7556}") = "KSU.CIS300.Checkers.Tests", "KSU.CIS300.Checkers.Tests\KSU.CIS300.Checkers.Tests.csproj", "{8EDF4429-251A-416D-BB68-93F227191BCF}"
EndProject
Project("{8BC9CEB8-8B4A-11D0-8D11-00A0C91BC942}") = "CheckersGame", "CheckersGame\CheckersGame.vcxproj", "{9CC57F02-7716-9B5C-F161-F99D9174888D}"
EndProject
Global
	GlobalSection(SolutionConfigurationPlatforms) = preSolution
		Debug|Any CPU = Debug|Any CPU
		Debug|x64 = Debug|x64
		Debug|x86 = Debug|x86
		Release|Any CPU = Release|Any CPU
		Release|x64 = Release|x64
		Release|x86 = Release|x86
	EndGlobalSection
	GlobalSection(ProjectConfigurationPlatforms) = postSolution
		{B200F157-A363-4F29-BCF5-27783400D0FF}.Debug|Any CPU.ActiveCfg = Debug|Any CPU
		{B200F157-A363-4F29-BCF5-27783400D0FF}.Debug|Any CPU.Build.0 = Debug|Any CPU
		{B200F157-A363-4F29-BCF5-27783400D0FF}.Debug|x64.ActiveCfg = Debug|Any CPU
		{B200F157-A363-4F29-BCF5-27783400D0FF}.Debug|x64.Build.0 = Debug|Any CPU
		{B200F157-A363-4F29-BCF5-27783400D0FF}.Debug|x86.ActiveCfg = Debug|Any CPU
		{B200F157-A363-4F29-BCF5-27783400D0FF}.Debug|x86.Build.0 = Debug|Any CPU
		{B200F157-A363-4F29-BCF5-27783400D0FF}.Release|Any CPU.ActiveCfg = Release|Any CPU
		{B200F157-A363-4F29-BCF5-27783400D0FF}.Release|Any CPU.Build.0 = Release|Any CPU
		{B200F157-A363-4F29-BCF5-27783400D0FF}.Release|x64.ActiveCfg = Release|Any CPU
		{B200F157-A363-4F29-BCF5-27783400D0FF}.Release|x64.Build.0 = Release|Any CPU
		{B200F157-A363-4F29-BCF5-27783400D0FF}.Release|x86.ActiveCfg = Release|Any CPU
		{B200F157-A363-4F29-BCF5-27783400D0FF}.Release|x86.Build.0 = Release|Any CPU
		{8EDF4429-251A-416D-BB68-93F227191BCF}.Debug|Any CPU.ActiveCfg = Debug|Any CPU
		{8EDF4429-251A-416D-BB68-93F227191BCF}.Debug|Any CPU.Build.0 = Debug|Any CPU
		{8EDF4429-251A-416D-BB68-93F227191BCF}.Debug|x64.ActiveCfg = Debug|Any CPU
		{8EDF4429-251A-416D-BB68-93F227191BCF}.Debug|x64.Build.0 = Debug|Any CPU
		{8EDF4429-251A-416D-BB68-93F227191BCF}.Debug|x86.ActiveCfg = Debug|Any CPU
		{8EDF4429-251A-416D-BB68-93F227191BCF}.Debug|x86.Build.0 = Debug|Any CPU
		{8EDF4429-251A-416D-BB68-93F227191BCF}.Release|Any CPU.ActiveCfg = Release|Any CPU
		{8EDF4429-251A-416D-BB68-93F227191BCF}.Release|Any CPU.Build.0 = Release|Any CPU
		{8EDF4429-251A-416D-BB68-93F227191BCF}.Release|x64.ActiveCfg = Release|Any CPU
		{8EDF4429-251A-416D-BB68-93F227191BCF}.Release|x64.Build.0 = Release|Any CPU
		{8EDF4429-251A-416D-BB68-93F227191BCF}.Release|x86.ActiveCfg = Release|Any CPU
		{8EDF4429-251A-416D-BB68-93F227191BCF}.Release|x86.Build.0 = Release|Any CPU
		{9CC57F02-7716-9B5C-F161-F99D9174888D}.Debug|Any CPU.ActiveCfg = Debug|x64
		{9CC57F02-7716-9B5C-F161-F99D9174888D}.Debug|Any CPU.Build.0 = Debug|x64
		{9CC57F02-7716-9B5C-F161-F99D9174888D}.Debug|x64.ActiveCfg = Debug|x64
		{9CC57F02-7716-9B5C-F161-F99D9174888D}.Debug|x64.Build.0 = Debug|x64
		{9CC57F02-7716-9B5C-F161-F99D9174888D}.Debug|x86.ActiveCfg = Debug|Win32
		{9CC57F02-7716-9B5C-F161-F99D9174888D}.Debug|x86.Build.0 = Debug|Win32
		{9CC57F02-7716-9B5C-F161-F99D9174888D}.Release|Any CPU.ActiveCfg = Release|x64
		{9CC57F02-7716-9B5C-F161-F99D9174888D}.Release|Any CPU.Build.0 = Release|x64
		{9CC57F02-7716-9B5C-F161-F99D9174888D}.Release|x64.ActiveCfg = Release|x64
		{9CC57F02-7716-9B5C-F161-F99D9174888D}.Release|x64.Build.0 = Release|x64
		{9CC57F02-7716-9B5C-F161-F99D9174888D}.Release|x86.ActiveCfg = Release|Win32
		{9CC57F02-7716-9B5C-F161-F99D9174888D}.Release|x86.Build.0 = Release|Win32
	EndGlobalSection
	GlobalSection(SolutionProperties) = preSolution
		HideSolutionNode = FALSE
	EndGlobalSection
	GlobalSection(ExtensibilityGlobals) = postSolution
		SolutionGuid = {8A8D8C03-955D-45BB-9965-37B5F2B6A202}
	EndGlobalSection
EndGlobal
